github.com/Muxcore-Media/backup-local v0.1.7 h1:udPzNQuMv48QXysI3Qo1EeeoTvsHiCkllEsISA5S+/o=
github.com/Muxcore-Media/backup-local v0.1.7/go.mod h1:5EuhyiZV0zSPL+13O/ftif8BdNsGLKf5q0XQaKp6EsI=
github.com/Muxcore-Media/contracts-automation v0.1.1 h1:ligA8uWK3X46jIItwinfQ+0Y24kiokHOzKWizHYsKiI=
github.com/Muxcore-Media/contracts-automation v0.1.1/go.mod h1:HWpgvkMDZwf/2YFAndQ9NDTkynEtnRML4SOuZ6/SRNE=
github.com/Muxcore-Media/contracts-indexer v0.1.1 h1:x/cQbcxAQbV380dcBnLD7ITPlQZeeQ8pgBQUL/lKOQU=
github.com/Muxcore-Media/contracts-indexer v0.1.1/go.mod h1:e2vy6l8mQPoCAi9kvWdfUkEcRz3M5LDMVk8/xqu+CtE=
github.com/Muxcore-Media/contracts-media-admin v0.1.1 h1:XeOQtbg7O+fF/3Wb8Ok7+Uz2SlnYcoATIKGqrCrSgmk=
github.com/Muxcore-Media/contracts-media-admin v0.1.1/go.mod h1:FnXzE5nlrbgdRdlSiQlJ/xW6bJh5WWf+J2Q6BcOPp5M=
github.com/Muxcore-Media/contracts-metadata v0.2.0 h1:WBBwCpkz4KN4ilj1MOxf9MH1I91xtojDE/FDfnSzITw=
github.com/Muxcore-Media/contracts-metadata v0.2.0/go.mod h1:z1q8wH0cRsngXYxoWI/MCuV99oGROQrco5FygHlAp1s=
github.com/Muxcore-Media/contracts-notification v0.1.2 h1:nCEBL+oTsZFx6teNAIEEzoieVwOO8rWBdWp1B7hYn7I=
github.com/Muxcore-Media/contracts-notification v0.1.2/go.mod h1:sVn+cDsaBKyk7qvLPCNwTR1ocyczSf8xRKhJYKmWdhY=
github.com/Muxcore-Media/contracts-scanner v0.2.0 h1:JNAblB6JIzSyVwd6rlGXcvGWEOJ2nmasjswQMB7gC5A=
github.com/Muxcore-Media/contracts-scanner v0.2.0/go.mod h1:CrRY4UsFknJvlyOr3G6Vb0kK7NrbpFpLE/mWO5WQk7k=
github.com/Muxcore-Media/core v0.6.15 h1:aYjuTyWtrXRzD8PB3NH9GtjbUcfhnsNvE5OSqcnOua8=
github.com/Muxcore-Media/core v0.6.15/go.mod h1:lZ6tuCEjwmXI0zd6lhKOkm/qpB1Js4rrB+Bs9lCNZjA=
github.com/Muxcore-Media/core/sdk/go/client v0.6.1 h1:P8UFaAWRUFQwqUFAAgsYuhvOo/Pl2OnelTTDSoBSKwc=
github.com/Muxcore-Media/core/sdk/go/client v0.6.1/go.mod h1:Bgg5Z92kY48EPV8+Pmv3RbtVwgCPKD7EFvHGQhcmI64=
github.com/Muxcore-Media/core/sdk/go/module v0.6.5 h1:slfF1MTt5CwwGsA1ZwTupMDuETet+oA6ovDDW2U2f6I=
github.com/Muxcore-Media/core/sdk/go/module v0.6.5/go.mod h1:iKKRbT+FVGrn0RMWFOAvAzG6D8JqQJr//qZbkyaJUGQ=
github.com/Muxcore-Media/jellyfin v0.3.5 h1:I817mQ5Qv+ZUnXaUJdzZIfFYHlJq+mcxpIXbIVJJuMU=
github.com/Muxcore-Media/jellyfin v0.3.5/go.mod h1:Z15Z+FIEfx4uQRC5hQhY+ga/8Ikm1M/HLyxSLKcUPsY=
github.com/Muxcore-Media/media-custom-formats v0.1.15 h1:yYZMqYLwacs8QlzEQc9cskCGPPWbGKISOnvBOBsPgxk=
github.com/Muxcore-Media/media-custom-formats v0.1.15/go.mod h1:AKBsW7UfuMmx5fp8PZNWyiXZMdYJyZStf89boRvdOOU=
github.com/Muxcore-Media/media-ffprobe v0.1.13 h1:F0o4R5E5dWe+bbKt6FJnwI/mKVJHdAVImGjQXUXDbRI=
github.com/Muxcore-Media/media-ffprobe v0.1.13/go.mod h1:P/UQXAf91iMFxn/BRU8od70Yss1vPXjFdDM8LIxqDMY=
github.com/Muxcore-Media/media-intro-outro v0.2.3 h1:lR5+yDkWvmrMiFzvpreiBiLbtih7uvmbiqulcHcLJQA=
github.com/Muxcore-Media/media-intro-outro v0.2.3/go.mod h1:K/hK71E3uDVtN3IN9384OS7k+XhPdTaiNNSADoCGSis=
github.com/Muxcore-Media/media-library-maintainer v0.1.15 h1:NSotNDQumAauCosubXP2EzHy0v7yD4OjWAGKs1qArrw=
github.com/Muxcore-Media/media-library-maintainer v0.1.15/go.mod h1:wq17otQwtD4dlC3qN5L/aFoIyhpAO+FfF3fKM0ARttQ=
github.com/Muxcore-Media/media-list-sync v0.1.12 h1:f/I3/GjU3j5Xwd0PCqMvVZHDvcIGNFAJjgEjjGfnvzU=
github.com/Muxcore-Media/media-list-sync v0.1.12/go.mod h1:3gsItXMeAvzGhoHw80xcL1CDIEp8g6YVfe2k5NHx/kk=
github.com/Muxcore-Media/media-movies v0.1.20 h1:vyZnCWkCS323H6pIdYSGBRWK/znEc0GRZU4rd2YrtcQ=
github.com/Muxcore-Media/media-movies v0.1.20/go.mod h1:PLWShVWzHTApTqs8ibys/nHzIez8GwC4qZWp5xRhyYc=
github.com/Muxcore-Media/media-music v0.3.2 h1:yuOxCooAm5Rorq2Fj5AOZLrr/uq+SVSx3COw75EIUxw=
github.com/Muxcore-Media/media-music v0.3.2/go.mod h1:Be4ceYQpDFtnzTSX9OKBz0K09R3LT+hjRxu6EGTqwbc=
github.com/Muxcore-Media/media-rename v0.2.11 h1:ToriQMh+k/TKCb5N72dHDniNpvy++CEvYT/M/Gt5oLk=
github.com/Muxcore-Media/media-rename v0.2.11/go.mod h1:BHfqachITUAhIuJK9zZiVFaIerKkRM1Si3EfVFIfAbo=
github.com/Muxcore-Media/media-root-folders v0.1.11 h1:3xBpjpGEXsdVC1jc7mgn4FMYeOjN8AtkNUdKPGXX23M=
github.com/Muxcore-Media/media-root-folders v0.1.11/go.mod h1:tn7OrqZfHMEIhR3HLTN/RD3v7J7iclP5KK3W+QAJw0A=
github.com/Muxcore-Media/media-subtitles v0.5.4 h1:2xRwFhzoB3d7HA6DEoJavqRdOr5+lUlSfVSGSY4mpuI=
github.com/Muxcore-Media/media-subtitles v0.5.4/go.mod h1:J9ror9CfRfTy6z+R5I13pv++NHfCAfzs+CCtNMQa8rE=
github.com/Muxcore-Media/media-tvshows v0.1.18 h1:Cv+rOuHkchHNgfSGtbpjMMKZw13F4JN8pvZHA/z0aJw=
github.com/Muxcore-Media/media-tvshows v0.1.18/go.mod h1:JX/cIARPJZdfLuJOOoLLGNnrwkrfovxE63oEPs8FI4U=
github.com/Muxcore-Media/playback-guard v0.1.2 h1:CqKCSVkVtHf4pVW+jXpgQVNxEwHvTcen5MyWA4SWTSg=
github.com/Muxcore-Media/playback-guard v0.1.2/go.mod h1:9cpeEEoekOcXjhkP7mqnV9Lq5fAQRtVKDVorMmhNbNM=
github.com/Muxcore-Media/plex v0.1.5 h1:2GOPkVTsXyiGID5/d6v0IZaayl34RaRj/u1VY38nLmY=
github.com/Muxcore-Media/plex v0.1.5/go.mod h1:EDg7m9+TJadn+Pg4tSgCuqO/liTA+PtJeL5vuz5eAuY=
github.com/Muxcore-Media/userdata-local v0.1.3 h1:mCmjoBqEylysI/1PJ/P/Q1QIiua6GCdGthpN16Iqjpw=
github.com/Muxcore-Media/userdata-local v0.1.3/go.mod h1:dYq3AyPmIz98+uukYk/ZFhGLLfJO1o1e98qS9wkrNQw=
github.com/cespare/xxhash/v2 v2.3.0 h1:UL815xU9SqsFlibzuggzjXhog7bL6oX9BbNZnL2UFvs=
github.com/cespare/xxhash/v2 v2.3.0/go.mod h1:VGX0DQ3Q6kWi7AoAeZDth3/j3BFtOZR5XLFGgcrjCOs=
github.com/go-logr/logr v1.4.3 h1:CjnDlHq8ikf6E492q6eKboGOC0T8CDaOvkHCIg8idEI=
github.com/go-logr/logr v1.4.3/go.mod h1:9T104GzyrTigFIr8wt5mBrctHMim0Nb2HLGrmQ40KvY=
github.com/go-logr/stdr v1.2.2 h1:hSWxHoqTgW2S2qGc0LTAI563KZ5YKYRhT3MFKZMbjag=
github.com/go-logr/stdr v1.2.2/go.mod h1:mMo/vtBO5dYbehREoey6XUKy/eSumjCCveDpRre4VKE=
github.com/golang/protobuf v1.5.4 h1:i7eJL8qZTpSEXOPTxNKhASYpMn+8e5Q6AdndVa1dWek=
github.com/golang/protobuf v1.5.4/go.mod h1:lnTiLA8Wa4RWRcIUkrtSVa5nRhsEGBg48fD6rSs7xps=
github.com/google/go-cmp v0.7.0 h1:wk8382ETsv4JYUZwIsn6YpYiWiBsYLSJiTsyBybVuN8=
github.com/google/go-cmp v0.7.0/go.mod h1:pXiqmnSA92OHEEa9HXL2W4E7lf9JzCmGVUdgjX3N/iU=
github.com/google/uuid v1.6.0 h1:NIvaJDMOsjHA8n1jAhLSgzrAzy1Hgr+hNrb57e+94F0=
github.com/google/uuid v1.6.0/go.mod h1:TIyPZe4MgqvfeYDBFedMoGGpEw/LqOeaOT+nhxU+yHo=
go.opentelemetry.io/auto/sdk v1.2.1 h1:jXsnJ4Lmnqd11kwkBV2LgLoFMZKizbCi5fNZ/ipaZ64=
go.opentelemetry.io/auto/sdk v1.2.1/go.mod h1:KRTj+aOaElaLi+wW1kO/DZRXwkF4C5xPbEe3ZiIhN7Y=
go.opentelemetry.io/otel v1.44.0 h1:JjwHmHpA4iZ3wBxluu2fbbE7j4kqlE8jXyAyPXH7HqU=
go.opentelemetry.io/otel v1.44.0/go.mod h1:BMgjTHL9WPRlRjL2oZCBTL4whCGtXch2H4BhOPIAyYc=
go.opentelemetry.io/otel/metric v1.44.0 h1:1w0gILTcHdr3YI+ixLyjemwrVnsMURbTZFrSYCdDdmc=
go.opentelemetry.io/otel/metric v1.44.0/go.mod h1:8O7hanEPBNgEMmybD3s2VBKcgWOCsA6tzHBPODAiquo=
go.opentelemetry.io/otel/sdk v1.44.0 h1:nHYwb9lK+fJPU/dnT6s7W7Z8itMWyqrnVfbheVYrZ58=
go.opentelemetry.io/otel/sdk v1.44.0/go.mod h1:Osuydd3Se74nqjAKxid74N5eC+jfEqfTegHRnq58oK0=
go.opentelemetry.io/otel/sdk/metric v1.44.0 h1:3LlKgI+VjbVsjNRFZJZAJ30WjXC5VkNRks6si09iEfI=
go.opentelemetry.io/otel/sdk/metric v1.44.0/go.mod h1:5B5pMARnXxKhltooO4xUuCBorl65a4EpnTalObqOigA=
go.opentelemetry.io/otel/trace v1.44.0 h1:jxF5CsGYCe74MCRx2X4g7WsY/VBKRqqpNvXlX/6gtIk=
go.opentelemetry.io/otel/trace v1.44.0/go.mod h1:oLl1jrMQAVo6v3GAggN+1VH9VIz9iUSvW53sW1Q8PIE=
golang.org/x/net v0.58.0 h1:ynWG7rqYi4ccpTEuPZ2QGWHktVEM9DMCj9yzDE0Q7To=
golang.org/x/net v0.58.0/go.mod h1:YwCddHnFlT7eLQqVprV19OnhLGtc5xOKgE0RyqgfWAU=
golang.org/x/sys v0.47.0 h1:o7XGOvZQCADBQQ4Y7VNq2dRWQR7JmOUW8Kxx4ZsNgWs=
golang.org/x/sys v0.47.0/go.mod h1:4GL1E5IUh+htKOUEOaiffhrAeqysfVGipDYzABqnCmw=
golang.org/x/text v0.41.0 h1:vz/seA0lnX87Othu2f/0L24RcgrXD9/YFTSuGjj3rH8=
golang.org/x/text v0.41.0/go.mod h1:jvf1O8ajNzZqhSrQBPbutR/EB83Cc0CFrezNQIwbb5M=
gonum.org/v1/gonum v0.17.0 h1:VbpOemQlsSMrYmn7T2OUvQ4dqxQXU+ouZFQsZOx50z4=
gonum.org/v1/gonum v0.17.0/go.mod h1:El3tOrEuMpv2UdMrbNlKEh9vd86bmQ6vqIcDwxEOc1E=
google.golang.org/genproto/googleapis/rpc v0.0.0-20260610212136-7ab31c22f7ad h1:45WmJvIV6C2+O/jjLkPUH+F3aOj/1miDoU2DD0+NWbg=
google.golang.org/genproto/googleapis/rpc v0.0.0-20260610212136-7ab31c22f7ad/go.mod h1:4Hqkh8ycfw05ld/3BWL7rJOSfebL2Q+DVDeRgYgxUU8=
google.golang.org/grpc v1.83.2 h1:EManeRomTObA0BU7I8vXgg/78uE5MJ9M8B39EX2WscU=
google.golang.org/grpc v1.83.2/go.mod h1:YPI1hK3kDked6iHvgX3tR0y+nX/qpMFKhPgFsokw1S8=
google.golang.org/protobuf v1.36.11 h1:fV6ZwhNocDyBLK0dj+fg8ektcVegBBuEolpbTQyBNVE=
google.golang.org/protobuf v1.36.11/go.mod h1:HTf+CrKn2C3g5S8VImy6tdcUvCska2kB7j23XfzDpco=
